// !$*UTF8*$!
{
	archiveVersion = 1;
	classes = {
	};
	objectVersion = 46;
	objects = {

/* Begin PBXBuildFile section */
		4771727A1A425894006310F1 /* NSArray+SQNSJSONSerialization.h in Headers */ = {isa = PBXBuildFile; fileRef = 4771725E1A425894006310F1 /* NSArray+SQNSJSONSerialization.h */; };
		4771727B1A425894006310F1 /* NSArray+SQNSJSONSerialization.m in Sources */ = {isa = PBXBuildFile; fileRef = 4771725F1A425894006310F1 /* NSArray+SQNSJSONSerialization.m */; };
		4771727C1A425894006310F1 /* NSDictionary+SQNSJSONSerialization.h in Headers */ = {isa = PBXBuildFile; fileRef = 477172601A425894006310F1 /* NSDictionary+SQNSJSONSerialization.h */; };
		4771727D1A425894006310F1 /* NSDictionary+SQNSJSONSerialization.m in Sources */ = {isa = PBXBuildFile; fileRef = 477172611A425894006310F1 /* NSDictionary+SQNSJSONSerialization.m */; };
		4771727E1A425894006310F1 /* NSString+SQNSJSONSerialization.h in Headers */ = {isa = PBXBuildFile; fileRef = 477172621A425894006310F1 /* NSString+SQNSJSONSerialization.h */; };
		4771727F1A425894006310F1 /* NSString+SQNSJSONSerialization.m in Sources */ = {isa = PBXBuildFile; fileRef = 477172631A425894006310F1 /* NSString+SQNSJSONSerialization.m */; };
		477172801A425894006310F1 /* NSData+SQBase64.h in Headers */ = {isa = PBXBuildFile; fileRef = 477172641A425894006310F1 /* NSData+SQBase64.h */; };
		477172811A425894006310F1 /* NSData+SQBase64.m in Sources */ = {isa = PBXBuildFile; fileRef = 477172651A425894006310F1 /* NSData+SQBase64.m */; };
		477172821A425894006310F1 /* NSDictionary+SQExt.h in Headers */ = {isa = PBXBuildFile; fileRef = 477172661A425894006310F1 /* NSDictionary+SQExt.h */; };
		477172831A425894006310F1 /* NSDictionary+SQExt.m in Sources */ = {isa = PBXBuildFile; fileRef = 477172671A425894006310F1 /* NSDictionary+SQExt.m */; };
		477172841A425894006310F1 /* NSString+SQPhoneNum.h in Headers */ = {isa = PBXBuildFile; fileRef = 477172681A425894006310F1 /* NSString+SQPhoneNum.h */; };
		477172851A425894006310F1 /* NSString+SQPhoneNum.m in Sources */ = {isa = PBXBuildFile; fileRef = 477172691A425894006310F1 /* NSString+SQPhoneNum.m */; };
		477172861A425894006310F1 /* NSString+SQStringUtils.h in Headers */ = {isa = PBXBuildFile; fileRef = 4771726A1A425894006310F1 /* NSString+SQStringUtils.h */; };
		477172871A425894006310F1 /* NSString+SQStringUtils.m in Sources */ = {isa = PBXBuildFile; fileRef = 4771726B1A425894006310F1 /* NSString+SQStringUtils.m */; };
		477172881A425894006310F1 /* UIColor+SQColorUtils.h in Headers */ = {isa = PBXBuildFile; fileRef = 4771726C1A425894006310F1 /* UIColor+SQColorUtils.h */; };
		477172891A425894006310F1 /* UIColor+SQColorUtils.m in Sources */ = {isa = PBXBuildFile; fileRef = 4771726D1A425894006310F1 /* UIColor+SQColorUtils.m */; };
		4771728A1A425894006310F1 /* UINavigationItem+SQStyleMargin.h in Headers */ = {isa = PBXBuildFile; fileRef = 4771726E1A425894006310F1 /* UINavigationItem+SQStyleMargin.h */; };
		4771728B1A425894006310F1 /* UINavigationItem+SQStyleMargin.m in Sources */ = {isa = PBXBuildFile; fileRef = 4771726F1A425894006310F1 /* UINavigationItem+SQStyleMargin.m */; };
		4771728C1A425894006310F1 /* UIView+SQFindView.h in Headers */ = {isa = PBXBuildFile; fileRef = 477172701A425894006310F1 /* UIView+SQFindView.h */; };
		4771728D1A425894006310F1 /* UIView+SQFindView.m in Sources */ = {isa = PBXBuildFile; fileRef = 477172711A425894006310F1 /* UIView+SQFindView.m */; };
		4771728E1A425894006310F1 /* UIView+SQFrameAddition.h in Headers */ = {isa = PBXBuildFile; fileRef = 477172721A425894006310F1 /* UIView+SQFrameAddition.h */; };
		4771728F1A425894006310F1 /* UIView+SQFrameAddition.m in Sources */ = {isa = PBXBuildFile; fileRef = 477172731A425894006310F1 /* UIView+SQFrameAddition.m */; };
		477172901A425894006310F1 /* UIView+SQRemoveView.h in Headers */ = {isa = PBXBuildFile; fileRef = 477172741A425894006310F1 /* UIView+SQRemoveView.h */; };
		477172911A425894006310F1 /* UIView+SQRemoveView.m in Sources */ = {isa = PBXBuildFile; fileRef = 477172751A425894006310F1 /* UIView+SQRemoveView.m */; };
		477172921A425894006310F1 /* SQCommonHeader.h in Headers */ = {isa = PBXBuildFile; fileRef = 477172761A425894006310F1 /* SQCommonHeader.h */; };
		477172931A425894006310F1 /* SQDebugUtils.h in Headers */ = {isa = PBXBuildFile; fileRef = 477172771A425894006310F1 /* SQDebugUtils.h */; };
		477172941A425894006310F1 /* SQDebugUtils.m in Sources */ = {isa = PBXBuildFile; fileRef = 477172781A425894006310F1 /* SQDebugUtils.m */; };
		477172951A425894006310F1 /* SQGlobalMarco.h in Headers */ = {isa = PBXBuildFile; fileRef = 477172791A425894006310F1 /* SQGlobalMarco.h */; };
		477459F119F2B2D400DC2255 /* SQCommonUtils.h in Headers */ = {isa = PBXBuildFile; fileRef = 477459F019F2B2D400DC2255 /* SQCommonUtils.h */; settings = {ATTRIBUTES = (Public, ); }; };
		477459FB19F2B2D400DC2255 /* SQCommonUtilsTests.m in Sources */ = {isa = PBXBuildFile; fileRef = 477459FA19F2B2D400DC2255 /* SQCommonUtilsTests.m */; };
/* End PBXBuildFile section */

/* Begin PBXFileReference section */
		4771725E1A425894006310F1 /* NSArray+SQNSJSONSerialization.h */ = {isa = PBXFileReference; fileEncoding = 4; lastKnownFileType = sourcecode.c.h; path = "NSArray+SQNSJSONSerialization.h"; sourceTree = "<group>"; };
		4771725F1A425894006310F1 /* NSArray+SQNSJSONSerialization.m */ = {isa = PBXFileReference; fileEncoding = 4; lastKnownFileType = sourcecode.c.objc; path = "NSArray+SQNSJSONSerialization.m"; sourceTree = "<group>"; };
		477172601A425894006310F1 /* NSDictionary+SQNSJSONSerialization.h */ = {isa = PBXFileReference; fileEncoding = 4; lastKnownFileType = sourcecode.c.h; path = "NSDictionary+SQNSJSONSerialization.h"; sourceTree = "<group>"; };
		477172611A425894006310F1 /* NSDictionary+SQNSJSONSerialization.m */ = {isa = PBXFileReference; fileEncoding = 4; lastKnownFileType = sourcecode.c.objc; path = "NSDictionary+SQNSJSONSerialization.m"; sourceTree = "<group>"; };
		477172621A425894006310F1 /* NSString+SQNSJSONSerialization.h */ = {isa = PBXFileReference; fileEncoding = 4; lastKnownFileType = sourcecode.c.h; path = "NSString+SQNSJSONSerialization.h"; sourceTree = "<group>"; };
		477172631A425894006310F1 /* NSString+SQNSJSONSerialization.m */ = {isa = PBXFileReference; fileEncoding = 4; lastKnownFileType = sourcecode.c.objc; path = "NSString+SQNSJSONSerialization.m"; sourceTree = "<group>"; };
		477172641A425894006310F1 /* NSData+SQBase64.h */ = {isa = PBXFileReference; fileEncoding = 4; lastKnownFileType = sourcecode.c.h; path = "NSData+SQBase64.h"; sourceTree = "<group>"; };
		477172651A425894006310F1 /* NSData+SQBase64.m */ = {isa = PBXFileReference; fileEncoding = 4; lastKnownFileType = sourcecode.c.objc; path = "NSData+SQBase64.m"; sourceTree = "<group>"; };
		477172661A425894006310F1 /* NSDictionary+SQExt.h */ = {isa = PBXFileReference; fileEncoding = 4; lastKnownFileType = sourcecode.c.h; path = "NSDictionary+SQExt.h"; sourceTree = "<group>"; };
		477172671A425894006310F1 /* NSDictionary+SQExt.m */ = {isa = PBXFileReference; fileEncoding = 4; lastKnownFileType = sourcecode.c.objc; path = "NSDictionary+SQExt.m"; sourceTree = "<group>"; };
		477172681A425894006310F1 /* NSString+SQPhoneNum.h */ = {isa = PBXFileReference; fileEncoding = 4; lastKnownFileType = sourcecode.c.h; path = "NSString+SQPhoneNum.h"; sourceTree = "<group>"; };
		477172691A425894006310F1 /* NSString+SQPhoneNum.m */ = {isa = PBXFileReference; fileEncoding = 4; lastKnownFileType = sourcecode.c.objc; path = "NSString+SQPhoneNum.m"; sourceTree = "<group>"; };
		4771726A1A425894006310F1 /* NSString+SQStringUtils.h */ = {isa = PBXFileReference; fileEncoding = 4; lastKnownFileType = sourcecode.c.h; path = "NSString+SQStringUtils.h"; sourceTree = "<group>"; };
		4771726B1A425894006310F1 /* NSString+SQStringUtils.m */ = {isa = PBXFileReference; fileEncoding = 4; lastKnownFileType = sourcecode.c.objc; path = "NSString+SQStringUtils.m"; sourceTree = "<group>"; };
		4771726C1A425894006310F1 /* UIColor+SQColorUtils.h */ = {isa = PBXFileReference; fileEncoding = 4; lastKnownFileType = sourcecode.c.h; path = "UIColor+SQColorUtils.h"; sourceTree = "<group>"; };
		4771726D1A425894006310F1 /* UIColor+SQColorUtils.m */ = {isa = PBXFileReference; fileEncoding = 4; lastKnownFileType = sourcecode.c.objc; path = "UIColor+SQColorUtils.m"; sourceTree = "<group>"; };
		4771726E1A425894006310F1 /* UINavigationItem+SQStyleMargin.h */ = {isa = PBXFileReference; fileEncoding = 4; lastKnownFileType = sourcecode.c.h; path = "UINavigationItem+SQStyleMargin.h"; sourceTree = "<group>"; };
		4771726F1A425894006310F1 /* UINavigationItem+SQStyleMargin.m */ = {isa = PBXFileReference; fileEncoding = 4; lastKnownFileType = sourcecode.c.objc; path = "UINavigationItem+SQStyleMargin.m"; sourceTree = "<group>"; };
		477172701A425894006310F1 /* UIView+SQFindView.h */ = {isa = PBXFileReference; fileEncoding = 4; lastKnownFileType = sourcecode.c.h; path = "UIView+SQFindView.h"; sourceTree = "<group>"; };
		477172711A425894006310F1 /* UIView+SQFindView.m */ = {isa = PBXFileReference; fileEncoding = 4; lastKnownFileType = sourcecode.c.objc; path = "UIView+SQFindView.m"; sourceTree = "<group>"; };
		477172721A425894006310F1 /* UIView+SQFrameAddition.h */ = {isa = PBXFileReference; fileEncoding = 4; lastKnownFileType = sourcecode.c.h; path = "UIView+SQFrameAddition.h"; sourceTree = "<group>"; };
		477172731A425894006310F1 /* UIView+SQFrameAddition.m */ = {isa = PBXFileReference; fileEncoding = 4; lastKnownFileType = sourcecode.c.objc; path = "UIView+SQFrameAddition.m"; sourceTree = "<group>"; };
		477172741A425894006310F1 /* UIView+SQRemoveView.h */ = {isa = PBXFileReference; fileEncoding = 4; lastKnownFileType = sourcecode.c.h; path = "UIView+SQRemoveView.h"; sourceTree = "<group>"; };
		477172751A425894006310F1 /* UIView+SQRemoveView.m */ = {isa = PBXFileReference; fileEncoding = 4; lastKnownFileType = sourcecode.c.objc; path = "UIView+SQRemoveView.m"; sourceTree = "<group>"; };
		477172761A425894006310F1 /* SQCommonHeader.h */ = {isa = PBXFileReference; fileEncoding = 4; lastKnownFileType = sourcecode.c.h; path = SQCommonHeader.h; sourceTree = "<group>"; };
		477172771A425894006310F1 /* SQDebugUtils.h */ = {isa = PBXFileReference; fileEncoding = 4; lastKnownFileType = sourcecode.c.h; path = SQDebugUtils.h; sourceTree = "<group>"; };
		477172781A425894006310F1 /* SQDebugUtils.m */ = {isa = PBXFileReference; fileEncoding = 4; lastKnownFileType = sourcecode.c.objc; path = SQDebugUtils.m; sourceTree = "<group>"; };
		477172791A425894006310F1 /* SQGlobalMarco.h */ = {isa = PBXFileReference; fileEncoding = 4; lastKnownFileType = sourcecode.c.h; path = SQGlobalMarco.h; sourceTree = "<group>"; };
		477459EB19F2B2D400DC2255 /* SQCommonUtils.framework */ = {isa = PBXFileReference; explicitFileType = wrapper.framework; includeInIndex = 0; path = SQCommonUtils.framework; sourceTree = BUILT_PRODUCTS_DIR; };
		477459EF19F2B2D400DC2255 /* Info.plist */ = {isa = PBXFileReference; lastKnownFileType = text.plist.xml; path = Info.plist; sourceTree = "<group>"; };
		477459F019F2B2D400DC2255 /* SQCommonUtils.h */ = {isa = PBXFileReference; lastKnownFileType = sourcecode.c.h; path = SQCommonUtils.h; sourceTree = "<group>"; };
		477459F619F2B2D400DC2255 /* SQCommonUtilsTests.xctest */ = {isa = PBXFileReference; explicitFileType = wrapper.cfbundle; includeInIndex = 0; path = SQCommonUtilsTests.xctest; sourceTree = BUILT_PRODUCTS_DIR; };
		477459F919F2B2D400DC2255 /* Info.plist */ = {isa = PBXFileReference; lastKnownFileType = text.plist.xml; path = Info.plist; sourceTree = "<group>"; };
		477459FA19F2B2D400DC2255 /* SQCommonUtilsTests.m */ = {isa = PBXFileReference; lastKnownFileType = sourcecode.c.objc; path = SQCommonUtilsTests.m; sourceTree = "<group>"; };
/* End PBXFileReference section */

/* Begin PBXFrameworksBuildPhase section */
		477459E719F2B2D400DC2255 /* Frameworks */ = {
			isa = PBXFrameworksBuildPhase;
			buildActionMask = 2147483647;
			files = (
			);
			runOnlyForDeploymentPostprocessing = 0;
		};
		477459F319F2B2D400DC2255 /* Frameworks */ = {
			isa = PBXFrameworksBuildPhase;
			buildActionMask = 2147483647;
			files = (
			);
			runOnlyForDeploymentPostprocessing = 0;
		};
/* End PBXFrameworksBuildPhase section */

/* Begin PBXGroup section */
		4771725C1A425894006310F1 /* Catagories */ = {
			isa = PBXGroup;
			children = (
				4771725D1A425894006310F1 /* JSONSerialization */,
				477172641A425894006310F1 /* NSData+SQBase64.h */,
				477172651A425894006310F1 /* NSData+SQBase64.m */,
				477172661A425894006310F1 /* NSDictionary+SQExt.h */,
				477172671A425894006310F1 /* NSDictionary+SQExt.m */,
				477172681A425894006310F1 /* NSString+SQPhoneNum.h */,
				477172691A425894006310F1 /* NSString+SQPhoneNum.m */,
				4771726A1A425894006310F1 /* NSString+SQStringUtils.h */,
				4771726B1A425894006310F1 /* NSString+SQStringUtils.m */,
				4771726C1A425894006310F1 /* UIColor+SQColorUtils.h */,
				4771726D1A425894006310F1 /* UIColor+SQColorUtils.m */,
				4771726E1A425894006310F1 /* UINavigationItem+SQStyleMargin.h */,
				4771726F1A425894006310F1 /* UINavigationItem+SQStyleMargin.m */,
				477172701A425894006310F1 /* UIView+SQFindView.h */,
				477172711A425894006310F1 /* UIView+SQFindView.m */,
				477172721A425894006310F1 /* UIView+SQFrameAddition.h */,
				477172731A425894006310F1 /* UIView+SQFrameAddition.m */,
				477172741A425894006310F1 /* UIView+SQRemoveView.h */,
				477172751A425894006310F1 /* UIView+SQRemoveView.m */,
			);
			path = Catagories;
			sourceTree = "<group>";
		};
		4771725D1A425894006310F1 /* JSONSerialization */ = {
			isa = PBXGroup;
			children = (
				4771725E1A425894006310F1 /* NSArray+SQNSJSONSerialization.h */,
				4771725F1A425894006310F1 /* NSArray+SQNSJSONSerialization.m */,
				477172601A425894006310F1 /* NSDictionary+SQNSJSONSerialization.h */,
				477172611A425894006310F1 /* NSDictionary+SQNSJSONSerialization.m */,
				477172621A425894006310F1 /* NSString+SQNSJSONSerialization.h */,
				477172631A425894006310F1 /* NSString+SQNSJSONSerialization.m */,
			);
			path = JSONSerialization;
			sourceTree = "<group>";
		};
		477459E119F2B2D400DC2255 = {
			isa = PBXGroup;
			children = (
				477459ED19F2B2D400DC2255 /* SQCommonUtils */,
				477459F719F2B2D400DC2255 /* SQCommonUtilsTests */,
				477459EC19F2B2D400DC2255 /* Products */,
			);
			sourceTree = "<group>";
		};
		477459EC19F2B2D400DC2255 /* Products */ = {
			isa = PBXGroup;
			children = (
				477459EB19F2B2D400DC2255 /* SQCommonUtils.framework */,
				477459F619F2B2D400DC2255 /* SQCommonUtilsTests.xctest */,
			);
			name = Products;
			sourceTree = "<group>";
		};
		477459ED19F2B2D400DC2255 /* SQCommonUtils */ = {
			isa = PBXGroup;
			children = (
				477459F019F2B2D400DC2255 /* SQCommonUtils.h */,
				47745A0419F2B33C00DC2255 /* Classes */,
				477459EE19F2B2D400DC2255 /* Supporting Files */,
			);
			path = SQCommonUtils;
			sourceTree = "<group>";
		};
		477459EE19F2B2D400DC2255 /* Supporting Files */ = {
			isa = PBXGroup;
			children = (
				477459EF19F2B2D400DC2255 /* Info.plist */,
			);
			name = "Supporting Files";
			sourceTree = "<group>";
		};
		477459F719F2B2D400DC2255 /* SQCommonUtilsTests */ = {
			isa = PBXGroup;
			children = (
				477459FA19F2B2D400DC2255 /* SQCommonUtilsTests.m */,
				477459F819F2B2D400DC2255 /* Supporting Files */,
			);
			path = SQCommonUtilsTests;
			sourceTree = "<group>";
		};
		477459F819F2B2D400DC2255 /* Supporting Files */ = {
			isa = PBXGroup;
			children = (
				477459F919F2B2D400DC2255 /* Info.plist */,
			);
			name = "Supporting Files";
			sourceTree = "<group>";
		};
		47745A0419F2B33C00DC2255 /* Classes */ = {
			isa = PBXGroup;
			children = (
				4771725C1A425894006310F1 /* Catagories */,
				477172761A425894006310F1 /* SQCommonHeader.h */,
				477172771A425894006310F1 /* SQDebugUtils.h */,
				477172781A425894006310F1 /* SQDebugUtils.m */,
				477172791A425894006310F1 /* SQGlobalMarco.h */,
			);
			name = Classes;
			path = ../../Classes;
			sourceTree = "<group>";
		};
/* End PBXGroup section */

/* Begin PBXHeadersBuildPhase section */
		477459E819F2B2D400DC2255 /* Headers */ = {
			isa = PBXHeadersBuildPhase;
			buildActionMask = 2147483647;
			files = (
				4771727E1A425894006310F1 /* NSString+SQNSJSONSerialization.h in Headers */,
				477172901A425894006310F1 /* UIView+SQRemoveView.h in Headers */,
				477172801A425894006310F1 /* NSData+SQBase64.h in Headers */,
				477459F119F2B2D400DC2255 /* SQCommonUtils.h in Headers */,
				477172821A425894006310F1 /* NSDictionary+SQExt.h in Headers */,
				4771728C1A425894006310F1 /* UIView+SQFindView.h in Headers */,
				4771728E1A425894006310F1 /* UIView+SQFrameAddition.h in Headers */,
				4771728A1A425894006310F1 /* UINavigationItem+SQStyleMargin.h in Headers */,
				477172921A425894006310F1 /* SQCommonHeader.h in Headers */,
				477172931A425894006310F1 /* SQDebugUtils.h in Headers */,
				477172881A425894006310F1 /* UIColor+SQColorUtils.h in Headers */,
				4771727A1A425894006310F1 /* NSArray+SQNSJSONSerialization.h in Headers */,
				477172951A425894006310F1 /* SQGlobalMarco.h in Headers */,
				477172861A425894006310F1 /* NSString+SQStringUtils.h in Headers */,
				477172841A425894006310F1 /* NSString+SQPhoneNum.h in Headers */,
				4771727C1A425894006310F1 /* NSDictionary+SQNSJSONSerialization.h in Headers */,
			);
			runOnlyForDeploymentPostprocessing = 0;
		};
/* End PBXHeadersBuildPhase section */

/* Begin PBXNativeTarget section */
		477459EA19F2B2D400DC2255 /* SQCommonUtils */ = {
			isa = PBXNativeTarget;
			buildConfigurationList = 477459FE19F2B2D400DC2255 /* Build configuration list for PBXNativeTarget "SQCommonUtils" */;
			buildPhases = (
				477459E619F2B2D400DC2255 /* Sources */,
				477459E719F2B2D400DC2255 /* Frameworks */,
				477459E819F2B2D400DC2255 /* Headers */,
				477459E919F2B2D400DC2255 /* Resources */,
			);
			buildRules = (
			);
			dependencies = (
			);
			name = SQCommonUtils;
			productName = SQCommonUtils;
			productReference = 477459EB19F2B2D400DC2255 /* SQCommonUtils.framework */;
			productType = "com.apple.product-type.framework";
		};
		477459F519F2B2D400DC2255 /* SQCommonUtilsTests */ = {
			isa = PBXNativeTarget;
			buildConfigurationList = 47745A0119F2B2D400DC2255 /* Build configuration list for PBXNativeTarget "SQCommonUtilsTests" */;
			buildPhases = (
				477459F219F2B2D400DC2255 /* Sources */,
				477459F319F2B2D400DC2255 /* Frameworks */,
				477459F419F2B2D400DC2255 /* Resources */,
			);
			buildRules = (
			);
			dependencies = (
			);
			name = SQCommonUtilsTests;
			productName = SQCommonUtilsTests;
			productReference = 477459F619F2B2D400DC2255 /* SQCommonUtilsTests.xctest */;
			productType = "com.apple.product-type.bundle.unit-test";
		};
/* End PBXNativeTarget section */

/* Begin PBXProject section */
		477459E219F2B2D400DC2255 /* Project object */ = {
			isa = PBXProject;
			attributes = {
				LastUpgradeCheck = 0600;
				ORGANIZATIONNAME = Saick;
				TargetAttributes = {
					477459EA19F2B2D400DC2255 = {
						CreatedOnToolsVersion = 6.0.1;
					};
					477459F519F2B2D400DC2255 = {
						CreatedOnToolsVersion = 6.0.1;
					};
				};
			};
			buildConfigurationList = 477459E519F2B2D400DC2255 /* Build configuration list for PBXProject "SQCommonUtils" */;
			compatibilityVersion = "Xcode 3.2";
			developmentRegion = English;
			hasScannedForEncodings = 0;
			knownRegions = (
				en,
			);
			mainGroup = 477459E119F2B2D400DC2255;
			productRefGroup = 477459EC19F2B2D400DC2255 /* Products */;
			projectDirPath = "";
			projectRoot = "";
			targets = (
				477459EA19F2B2D400DC2255 /* SQCommonUtils */,
				477459F519F2B2D400DC2255 /* SQCommonUtilsTests */,
			);
		};
/* End PBXProject section */

/* Begin PBXResourcesBuildPhase section */
		477459E919F2B2D400DC2255 /* Resources */ = {
			isa = PBXResourcesBuildPhase;
			buildActionMask = 2147483647;
			files = (
			);
			runOnlyForDeploymentPostprocessing = 0;
		};
		477459F419F2B2D400DC2255 /* Resources */ = {
			isa = PBXResourcesBuildPhase;
			buildActionMask = 2147483647;
			files = (
			);
			runOnlyForDeploymentPostprocessing = 0;
		};
/* End PBXResourcesBuildPhase section */

/* Begin PBXSourcesBuildPhase section */
		477459E619F2B2D400DC2255 /* Sources */ = {
			isa = PBXSourcesBuildPhase;
			buildActionMask = 2147483647;
			files = (
				4771728D1A425894006310F1 /* UIView+SQFindView.m in Sources */,
				4771727F1A425894006310F1 /* NSString+SQNSJSONSerialization.m in Sources */,
				477172851A425894006310F1 /* NSString+SQPhoneNum.m in Sources */,
				477172831A425894006310F1 /* NSDictionary+SQExt.m in Sources */,
				4771727D1A425894006310F1 /* NSDictionary+SQNSJSONSerialization.m in Sources */,
				477172911A425894006310F1 /* UIView+SQRemoveView.m in Sources */,
				4771727B1A425894006310F1 /* NSArray+SQNSJSONSerialization.m in Sources */,
				4771728B1A425894006310F1 /* UINavigationItem+SQStyleMargin.m in Sources */,
				477172891A425894006310F1 /* UIColor+SQColorUtils.m in Sources */,
				477172941A425894006310F1 /* SQDebugUtils.m in Sources */,
				4771728F1A425894006310F1 /* UIView+SQFrameAddition.m in Sources */,
				477172871A425894006310F1 /* NSString+SQStringUtils.m in Sources */,
				477172811A425894006310F1 /* NSData+SQBase64.m in Sources */,
			);
			runOnlyForDeploymentPostprocessing = 0;
		};
		477459F219F2B2D400DC2255 /* Sources */ = {
			isa = PBXSourcesBuildPhase;
			buildActionMask = 2147483647;
			files = (
				477459FB19F2B2D400DC2255 /* SQCommonUtilsTests.m in Sources */,
			);
			runOnlyForDeploymentPostprocessing = 0;
		};
/* End PBXSourcesBuildPhase section */

/* Begin XCBuildConfiguration section */
		477459FC19F2B2D400DC2255 /* Debug */ = {
			isa = XCBuildConfiguration;
			buildSettings = {
				ALWAYS_SEARCH_USER_PATHS = NO;
				CLANG_CXX_LANGUAGE_STANDARD = "gnu++0x";
				CLANG_CXX_LIBRARY = "libc++";
				CLANG_ENABLE_MODULES = YES;
				CLANG_ENABLE_OBJC_ARC = YES;
				CLANG_WARN_BOOL_CONVERSION = YES;
				CLANG_WARN_CONSTANT_CONVERSION = YES;
				CLANG_WARN_DIRECT_OBJC_ISA_USAGE = YES_ERROR;
				CLANG_WARN_EMPTY_BODY = YES;
				CLANG_WARN_ENUM_CONVERSION = YES;
				CLANG_WARN_INT_CONVERSION = YES;
				CLANG_WARN_OBJC_ROOT_CLASS = YES_ERROR;
				CLANG_WARN_UNREACHABLE_CODE = YES;
				CLANG_WARN__DUPLICATE_METHOD_MATCH = YES;
				"CODE_SIGN_IDENTITY[sdk=iphoneos*]" = "iPhone Developer";
				COPY_PHASE_STRIP = NO;
				CURRENT_PROJECT_VERSION = 1;
				ENABLE_STRICT_OBJC_MSGSEND = YES;
				GCC_C_LANGUAGE_STANDARD = gnu99;
				GCC_DYNAMIC_NO_PIC = NO;
				GCC_OPTIMIZATION_LEVEL = 0;
				GCC_PREPROCESSOR_DEFINITIONS = (
					"DEBUG=1",
					"$(inherited)",
				);
				GCC_SYMBOLS_PRIVATE_EXTERN = NO;
				GCC_WARN_64_TO_32_BIT_CONVERSION = YES;
				GCC_WARN_ABOUT_RETURN_TYPE = YES_ERROR;
				GCC_WARN_UNDECLARED_SELECTOR = YES;
				GCC_WARN_UNINITIALIZED_AUTOS = YES_AGGRESSIVE;
				GCC_WARN_UNUSED_FUNCTION = YES;
				GCC_WARN_UNUSED_VARIABLE = YES;
				IPHONEOS_DEPLOYMENT_TARGET = 8.0;
				MTL_ENABLE_DEBUG_INFO = YES;
				ONLY_ACTIVE_ARCH = YES;
				SDKROOT = iphoneos;
				TARGETED_DEVICE_FAMILY = "1,2";
				VERSIONING_SYSTEM = "apple-generic";
				VERSION_INFO_PREFIX = "";
			};
			name = Debug;
		};
		477459FD19F2B2D400DC2255 /* Release */ = {
			isa = XCBuildConfiguration;
			buildSettings = {
				ALWAYS_SEARCH_USER_PATHS = NO;
				CLANG_CXX_LANGUAGE_STANDARD = "gnu++0x";
				CLANG_CXX_LIBRARY = "libc++";
				CLANG_ENABLE_MODULES = YES;
				CLANG_ENABLE_OBJC_ARC = YES;
				CLANG_WARN_BOOL_CONVERSION = YES;
				CLANG_WARN_CONSTANT_CONVERSION = YES;
				CLANG_WARN_DIRECT_OBJC_ISA_USAGE = YES_ERROR;
				CLANG_WARN_EMPTY_BODY = YES;
				CLANG_WARN_ENUM_CONVERSION = YES;
				CLANG_WARN_INT_CONVERSION = YES;
				CLANG_WARN_OBJC_ROOT_CLASS = YES_ERROR;
				CLANG_WARN_UNREACHABLE_CODE = YES;
				CLANG_WARN__DUPLICATE_METHOD_MATCH = YES;
				"CODE_SIGN_IDENTITY[sdk=iphoneos*]" = "iPhone Developer";
				COPY_PHASE_STRIP = YES;
				CURRENT_PROJECT_VERSION = 1;
				ENABLE_NS_ASSERTIONS = NO;
				ENABLE_STRICT_OBJC_MSGSEND = YES;
				GCC_C_LANGUAGE_STANDARD = gnu99;
				GCC_WARN_64_TO_32_BIT_CONVERSION = YES;
				GCC_WARN_ABOUT_RETURN_TYPE = YES_ERROR;
				GCC_WARN_UNDECLARED_SELECTOR = YES;
				GCC_WARN_UNINITIALIZED_AUTOS = YES_AGGRESSIVE;
				GCC_WARN_UNUSED_FUNCTION = YES;
				GCC_WARN_UNUSED_VARIABLE = YES;
				IPHONEOS_DEPLOYMENT_TARGET = 8.0;
				MTL_ENABLE_DEBUG_INFO = NO;
				SDKROOT = iphoneos;
				TARGETED_DEVICE_FAMILY = "1,2";
				VALIDATE_PRODUCT = YES;
				VERSIONING_SYSTEM = "apple-generic";
				VERSION_INFO_PREFIX = "";
			};
			name = Release;
		};
		477459FF19F2B2D400DC2255 /* Debug */ = {
			isa = XCBuildConfiguration;
			buildSettings = {
				DEFINES_MODULE = YES;
				DYLIB_COMPATIBILITY_VERSION = 1;
				DYLIB_CURRENT_VERSION = 1;
				DYLIB_INSTALL_NAME_BASE = "@rpath";
				INFOPLIST_FILE = SQCommonUtils/Info.plist;
				INSTALL_PATH = "$(LOCAL_LIBRARY_DIR)/Frameworks";
				LD_RUNPATH_SEARCH_PATHS = "$(inherited) @executable_path/Frameworks @loader_path/Frameworks";
				PRODUCT_NAME = "$(TARGET_NAME)";
				SKIP_INSTALL = YES;
			};
			name = Debug;
		};
		47745A0019F2B2D400DC2255 /* Release */ = {
			isa = XCBuildConfiguration;
			buildSettings = {
				DEFINES_MODULE = YES;
				DYLIB_COMPATIBILITY_VERSION = 1;
				DYLIB_CURRENT_VERSION = 1;
				DYLIB_INSTALL_NAME_BASE = "@rpath";
				INFOPLIST_FILE = SQCommonUtils/Info.plist;
				INSTALL_PATH = "$(LOCAL_LIBRARY_DIR)/Frameworks";
				LD_RUNPATH_SEARCH_PATHS = "$(inherited) @executable_path/Frameworks @loader_path/Frameworks";
				PRODUCT_NAME = "$(TARGET_NAME)";
				SKIP_INSTALL = YES;
			};
			name = Release;
		};
		47745A0219F2B2D400DC2255 /* Debug */ = {
			isa = XCBuildConfiguration;
			buildSettings = {
				FRAMEWORK_SEARCH_PATHS = (
					"$(SDKROOT)/Developer/Library/Frameworks",
					"$(inherited)",
				);
				GCC_PREPROCESSOR_DEFINITIONS = (
					"DEBUG=1",
					"$(inherited)",
				);
				INFOPLIST_FILE = SQCommonUtilsTests/Info.plist;
				LD_RUNPATH_SEARCH_PATHS = "$(inherited) @executable_path/Frameworks @loader_path/Frameworks";
				PRODUCT_NAME = "$(TARGET_NAME)";
			};
			name = Debug;
		};
		47745A0319F2B2D400DC2255 /* Release */ = {
			isa = XCBuildConfiguration;
			buildSettings = {
				FRAMEWORK_SEARCH_PATHS = (
					"$(SDKROOT)/Developer/Library/Frameworks",
					"$(inherited)",
				);
				INFOPLIST_FILE = SQCommonUtilsTests/Info.plist;
				LD_RUNPATH_SEARCH_PATHS = "$(inherited) @executable_path/Frameworks @loader_path/Frameworks";
				PRODUCT_NAME = "$(TARGET_NAME)";
			};
			name = Release;
		};
/* End XCBuildConfiguration section */

/* Begin XCConfigurationList section */
		477459E519F2B2D400DC2255 /* Build configuration list for PBXProject "SQCommonUtils" */ = {
			isa = XCConfigurationList;
			buildConfigurations = (
				477459FC19F2B2D400DC2255 /* Debug */,
				477459FD19F2B2D400DC2255 /* Release */,
			);
			defaultConfigurationIsVisible = 0;
			defaultConfigurationName = Release;
		};
		477459FE19F2B2D400DC2255 /* Build configuration list for PBXNativeTarget "SQCommonUtils" */ = {
			isa = XCConfigurationList;
			buildConfigurations = (
				477459FF19F2B2D400DC2255 /* Debug */,
				47745A0019F2B2D400DC2255 /* Release */,
			);
			defaultConfigurationIsVisible = 0;
			defaultConfigurationName = Release;
		};
		47745A0119F2B2D400DC2255 /* Build configuration list for PBXNativeTarget "SQCommonUtilsTests" */ = {
			isa = XCConfigurationList;
			buildConfigurations = (
				47745A0219F2B2D400DC2255 /* Debug */,
				47745A0319F2B2D400DC2255 /* Release */,
			);
			defaultConfigurationIsVisible = 0;
			defaultConfigurationName = Release;
		};
/* End XCConfigurationList section */
	};
	rootObject = 477459E219F2B2D400DC2255 /* Project object */;
}
